
Microsoft Visual Studio Solution File, Format Version 12.00
# Visual Studio Version 17
VisualStudioVersion = 17.2.32519.379
MinimumVisualStudioVersion = 10.0.40219.1
Project("{9A19103F-16F7-4668-BE54-9A1E7A4F7556}") = "DefiningClasses", "DefineAClassPerson\DefiningClasses.csproj", "{D1C3EFC9-A863-49B7-A08E-9A7EAAEAC196}"
EndProject
Project("{FAE04EC0-301F-11D3-BF4B-00C04F79EFBC}") = "OpinionPoll", "OpinionPoll\OpinionPoll.csproj", "{324E6AA3-D00C-48A1-93E2-3432E4D66F28}"
EndProject
Project("{FAE04EC0-301F-11D3-BF4B-00C04F79EFBC}") = "RawData", "RawData\RawData.csproj", "{478B53C2-77C4-4F96-8CA1-8A029BED290D}"
EndProject
Global
	GlobalSection(SolutionConfigurationPlatforms) = preSolution
		Debug|Any CPU = Debug|Any CPU
		Release|Any CPU = Release|Any CPU
	EndGlobalSection
	GlobalSection(ProjectConfigurationPlatforms) = postSolution
		{D1C3EFC9-A863-49B7-A08E-9A7EAAEAC196}.Debug|Any CPU.ActiveCfg = Debug|Any CPU
		{D1C3EFC9-A863-49B7-A08E-9A7EAAEAC196}.Debug|Any CPU.Build.0 = Debug|Any CPU
		{D1C3EFC9-A863-49B7-A08E-9A7EAAEAC196}.Release|Any CPU.ActiveCfg = Release|Any CPU
		{D1C3EFC9-A863-49B7-A08E-9A7EAAEAC196}.Release|Any CPU.Build.0 = Release|Any CPU
		{324E6AA3-D00C-48A1-93E2-3432E4D66F28}.Debug|Any CPU.ActiveCfg = Debug|Any CPU
		{324E6AA3-D00C-48A1-93E2-3432E4D66F28}.Debug|Any CPU.Build.0 = Debug|Any CPU
		{324E6AA3-D00C-48A1-93E2-3432E4D66F28}.Release|Any CPU.ActiveCfg = Release|Any CPU
		{324E6AA3-D00C-48A1-93E2-3432E4D66F28}.Release|Any CPU.Build.0 = Release|Any CPU
		{478B53C2-77C4-4F96-8CA1-8A029BED290D}.Debug|Any CPU.ActiveCfg = Debug|Any CPU
		{478B53C2-77C4-4F96-8CA1-8A029BED290D}.Debug|Any CPU.Build.0 = Debug|Any CPU
		{478B53C2-77C4-4F96-8CA1-8A029BED290D}.Release|Any CPU.ActiveCfg = Release|Any CPU
		{478B53C2-77C4-4F96-8CA1-8A029BED290D}.Release|Any CPU.Build.0 = Release|Any CPU
	EndGlobalSection
	GlobalSection(SolutionProperties) = preSolution
		HideSolutionNode = FALSE
	EndGlobalSection
	GlobalSection(ExtensibilityGlobals) = postSolution
		SolutionGuid = {A5F992BF-5950-41D5-A76D-49CF052FA5B8}
	EndGlobalSection
EndGlobal
