
Microsoft Visual Studio Solution File, Format Version 12.00
# Visual Studio Version 17
VisualStudioVersion = 17.2.32505.173
MinimumVisualStudioVersion = 10.0.40219.1
Project("{FAE04EC0-301F-11D3-BF4B-00C04F79EFBC}") = "Train", "Train\Train.csproj", "{E7C44CD6-C486-455F-9CC4-671A67626454}"
EndProject
Global
	GlobalSection(SolutionConfigurationPlatforms) = preSolution
		Debug|Any CPU = Debug|Any CPU
		Release|Any CPU = Release|Any CPU
	EndGlobalSection
	GlobalSection(ProjectConfigurationPlatforms) = postSolution
		{E7C44CD6-C486-455F-9CC4-671A67626454}.Debug|Any CPU.ActiveCfg = Debug|Any CPU
		{E7C44CD6-C486-455F-9CC4-671A67626454}.Debug|Any CPU.Build.0 = Debug|Any CPU
		{E7C44CD6-C486-455F-9CC4-671A67626454}.Release|Any CPU.ActiveCfg = Release|Any CPU
		{E7C44CD6-C486-455F-9CC4-671A67626454}.Release|Any CPU.Build.0 = Release|Any CPU
	EndGlobalSection
	GlobalSection(SolutionProperties) = preSolution
		HideSolutionNode = FALSE
	EndGlobalSection
	GlobalSection(ExtensibilityGlobals) = postSolution
		SolutionGuid = {71D2A181-5AEC-44C8-951B-01288B4A7990}
	EndGlobalSection
EndGlobal
