
Microsoft Visual Studio Solution File, Format Version 12.00
# Visual Studio Version 17
VisualStudioVersion = 17.2.32519.379
MinimumVisualStudioVersion = 10.0.40219.1
Project("{FAE04EC0-301F-11D3-BF4B-00C04F79EFBC}") = "Person", "Person\Person.csproj", "{4A37B9E7-833D-4E06-89F5-9C50F7F355DB}"
EndProject
Global
	GlobalSection(SolutionConfigurationPlatforms) = preSolution
		Debug|Any CPU = Debug|Any CPU
		Release|Any CPU = Release|Any CPU
	EndGlobalSection
	GlobalSection(ProjectConfigurationPlatforms) = postSolution
		{4A37B9E7-833D-4E06-89F5-9C50F7F355DB}.Debug|Any CPU.ActiveCfg = Debug|Any CPU
		{4A37B9E7-833D-4E06-89F5-9C50F7F355DB}.Debug|Any CPU.Build.0 = Debug|Any CPU
		{4A37B9E7-833D-4E06-89F5-9C50F7F355DB}.Release|Any CPU.ActiveCfg = Release|Any CPU
		{4A37B9E7-833D-4E06-89F5-9C50F7F355DB}.Release|Any CPU.Build.0 = Release|Any CPU
	EndGlobalSection
	GlobalSection(SolutionProperties) = preSolution
		HideSolutionNode = FALSE
	EndGlobalSection
	GlobalSection(ExtensibilityGlobals) = postSolution
		SolutionGuid = {664A8FFD-CEDA-41C2-A066-2BCFB0A60AB1}
	EndGlobalSection
EndGlobal
