
Microsoft Visual Studio Solution File, Format Version 12.00
# Visual Studio Version 17
VisualStudioVersion = 17.2.32519.379
MinimumVisualStudioVersion = 10.0.40219.1
Project("{9A19103F-16F7-4668-BE54-9A1E7A4F7556}") = "Person", "Person\Person.csproj", "{4A37B9E7-833D-4E06-89F5-9C50F7F355DB}"
EndProject
Project("{9A19103F-16F7-4668-BE54-9A1E7A4F7556}") = "Zoo", "Zoo\Zoo.csproj", "{1ED84297-6AD6-4A89-956E-E97F1B233942}"
EndProject
Project("{9A19103F-16F7-4668-BE54-9A1E7A4F7556}") = "PlayersAndMonsters", "PlayersAndMonsters\PlayersAndMonsters.csproj", "{57F58F95-4490-4A2F-82CD-9BA6D6F7614B}"
EndProject
Project("{9A19103F-16F7-4668-BE54-9A1E7A4F7556}") = "NeedForSpeed", "NeedForSpeed\NeedForSpeed.csproj", "{7B87362B-1868-4B59-854F-81891136C750}"
EndProject
Project("{FAE04EC0-301F-11D3-BF4B-00C04F79EFBC}") = "Restaurant", "Restaurant\Restaurant.csproj", "{B0376F4F-49ED-40FC-96C3-D3AA4EF8BFF4}"
EndProject
Global
	GlobalSection(SolutionConfigurationPlatforms) = preSolution
		Debug|Any CPU = Debug|Any CPU
		Release|Any CPU = Release|Any CPU
	EndGlobalSection
	GlobalSection(ProjectConfigurationPlatforms) = postSolution
		{4A37B9E7-833D-4E06-89F5-9C50F7F355DB}.Debug|Any CPU.ActiveCfg = Debug|Any CPU
		{4A37B9E7-833D-4E06-89F5-9C50F7F355DB}.Debug|Any CPU.Build.0 = Debug|Any CPU
		{4A37B9E7-833D-4E06-89F5-9C50F7F355DB}.Release|Any CPU.ActiveCfg = Release|Any CPU
		{4A37B9E7-833D-4E06-89F5-9C50F7F355DB}.Release|Any CPU.Build.0 = Release|Any CPU
		{1ED84297-6AD6-4A89-956E-E97F1B233942}.Debug|Any CPU.ActiveCfg = Debug|Any CPU
		{1ED84297-6AD6-4A89-956E-E97F1B233942}.Debug|Any CPU.Build.0 = Debug|Any CPU
		{1ED84297-6AD6-4A89-956E-E97F1B233942}.Release|Any CPU.ActiveCfg = Release|Any CPU
		{1ED84297-6AD6-4A89-956E-E97F1B233942}.Release|Any CPU.Build.0 = Release|Any CPU
		{57F58F95-4490-4A2F-82CD-9BA6D6F7614B}.Debug|Any CPU.ActiveCfg = Debug|Any CPU
		{57F58F95-4490-4A2F-82CD-9BA6D6F7614B}.Debug|Any CPU.Build.0 = Debug|Any CPU
		{57F58F95-4490-4A2F-82CD-9BA6D6F7614B}.Release|Any CPU.ActiveCfg = Release|Any CPU
		{57F58F95-4490-4A2F-82CD-9BA6D6F7614B}.Release|Any CPU.Build.0 = Release|Any CPU
		{7B87362B-1868-4B59-854F-81891136C750}.Debug|Any CPU.ActiveCfg = Debug|Any CPU
		{7B87362B-1868-4B59-854F-81891136C750}.Debug|Any CPU.Build.0 = Debug|Any CPU
		{7B87362B-1868-4B59-854F-81891136C750}.Release|Any CPU.ActiveCfg = Release|Any CPU
		{7B87362B-1868-4B59-854F-81891136C750}.Release|Any CPU.Build.0 = Release|Any CPU
		{B0376F4F-49ED-40FC-96C3-D3AA4EF8BFF4}.Debug|Any CPU.ActiveCfg = Debug|Any CPU
		{B0376F4F-49ED-40FC-96C3-D3AA4EF8BFF4}.Debug|Any CPU.Build.0 = Debug|Any CPU
		{B0376F4F-49ED-40FC-96C3-D3AA4EF8BFF4}.Release|Any CPU.ActiveCfg = Release|Any CPU
		{B0376F4F-49ED-40FC-96C3-D3AA4EF8BFF4}.Release|Any CPU.Build.0 = Release|Any CPU
	EndGlobalSection
	GlobalSection(SolutionProperties) = preSolution
		HideSolutionNode = FALSE
	EndGlobalSection
	GlobalSection(ExtensibilityGlobals) = postSolution
		SolutionGuid = {664A8FFD-CEDA-41C2-A066-2BCFB0A60AB1}
	EndGlobalSection
EndGlobal
