
Microsoft Visual Studio Solution File, Format Version 12.00
# Visual Studio Version 17
VisualStudioVersion = 17.2.32519.379
MinimumVisualStudioVersion = 10.0.40219.1
Project("{9A19103F-16F7-4668-BE54-9A1E7A4F7556}") = "EvenLines", "EvenLines.csproj", "{D8B4D173-D390-4CA4-AF50-3F4924D779DD}"
EndProject
Global
	GlobalSection(SolutionConfigurationPlatforms) = preSolution
		Debug|Any CPU = Debug|Any CPU
		Release|Any CPU = Release|Any CPU
	EndGlobalSection
	GlobalSection(ProjectConfigurationPlatforms) = postSolution
		{D8B4D173-D390-4CA4-AF50-3F4924D779DD}.Debug|Any CPU.ActiveCfg = Debug|Any CPU
		{D8B4D173-D390-4CA4-AF50-3F4924D779DD}.Debug|Any CPU.Build.0 = Debug|Any CPU
		{D8B4D173-D390-4CA4-AF50-3F4924D779DD}.Release|Any CPU.ActiveCfg = Release|Any CPU
		{D8B4D173-D390-4CA4-AF50-3F4924D779DD}.Release|Any CPU.Build.0 = Release|Any CPU
	EndGlobalSection
	GlobalSection(SolutionProperties) = preSolution
		HideSolutionNode = FALSE
	EndGlobalSection
	GlobalSection(ExtensibilityGlobals) = postSolution
		SolutionGuid = {9ACF7C7D-EAD2-4F71-9133-88F94D74F333}
	EndGlobalSection
EndGlobal
