
Microsoft Visual Studio Solution File, Format Version 12.00
# Visual Studio Version 17
VisualStudioVersion = 17.3.32804.467
MinimumVisualStudioVersion = 10.0.40219.1
Project("{9A19103F-16F7-4668-BE54-9A1E7A4F7556}") = "The Fight for Gondor", "ConsoleApp1\The Fight for Gondor.csproj", "{8187B5ED-BF8B-4677-9779-44AE97CAE5E8}"
EndProject
Project("{FAE04EC0-301F-11D3-BF4B-00C04F79EFBC}") = "Warships", "Warships\Warships.csproj", "{94F4667E-DCC9-426A-98B2-34189B8CD5F3}"
EndProject
Global
	GlobalSection(SolutionConfigurationPlatforms) = preSolution
		Debug|Any CPU = Debug|Any CPU
		Release|Any CPU = Release|Any CPU
	EndGlobalSection
	GlobalSection(ProjectConfigurationPlatforms) = postSolution
		{8187B5ED-BF8B-4677-9779-44AE97CAE5E8}.Debug|Any CPU.ActiveCfg = Debug|Any CPU
		{8187B5ED-BF8B-4677-9779-44AE97CAE5E8}.Debug|Any CPU.Build.0 = Debug|Any CPU
		{8187B5ED-BF8B-4677-9779-44AE97CAE5E8}.Release|Any CPU.ActiveCfg = Release|Any CPU
		{8187B5ED-BF8B-4677-9779-44AE97CAE5E8}.Release|Any CPU.Build.0 = Release|Any CPU
		{94F4667E-DCC9-426A-98B2-34189B8CD5F3}.Debug|Any CPU.ActiveCfg = Debug|Any CPU
		{94F4667E-DCC9-426A-98B2-34189B8CD5F3}.Debug|Any CPU.Build.0 = Debug|Any CPU
		{94F4667E-DCC9-426A-98B2-34189B8CD5F3}.Release|Any CPU.ActiveCfg = Release|Any CPU
		{94F4667E-DCC9-426A-98B2-34189B8CD5F3}.Release|Any CPU.Build.0 = Release|Any CPU
	EndGlobalSection
	GlobalSection(SolutionProperties) = preSolution
		HideSolutionNode = FALSE
	EndGlobalSection
	GlobalSection(ExtensibilityGlobals) = postSolution
		SolutionGuid = {5DECED04-C7B2-42AA-A143-651409059A0A}
	EndGlobalSection
EndGlobal
